// !$*UTF8*$!
{
	archiveVersion = 1;
	classes = {
	};
	objectVersion = 50;
	objects = {

/* Begin PBXBuildFile section */
		FA0576F8233F9B0A00781C7B /* Assets.xcassets in Resources */ = {isa = PBXBuildFile; fileRef = FA0576F7233F9B0A00781C7B /* Assets.xcassets */; };
		FA0576FB233F9B0A00781C7B /* LaunchScreen.storyboard in Resources */ = {isa = PBXBuildFile; fileRef = FA0576F9233F9B0A00781C7B /* LaunchScreen.storyboard */; };
		FAC48E16234A433700C074ED /* VKSdkFramework.framework in Frameworks */ = {isa = PBXBuildFile; fileRef = FAC48E15234A433700C074ED /* VKSdkFramework.framework */; };
		FAC48E17234A433700C074ED /* VKSdkFramework.framework in Embed Frameworks */ = {isa = PBXBuildFile; fileRef = FAC48E15234A433700C074ED /* VKSdkFramework.framework */; settings = {ATTRIBUTES = (CodeSignOnCopy, RemoveHeadersOnCopy, ); }; };
		FAC48E1B234A44F200C074ED /* AuthService.swift in Sources */ = {isa = PBXBuildFile; fileRef = FAC48E1A234A44F200C074ED /* AuthService.swift */; };
		FAC48E1E234A4A6700C074ED /* AuthViewController.swift in Sources */ = {isa = PBXBuildFile; fileRef = FAC48E1D234A4A6700C074ED /* AuthViewController.swift */; };
		FAC48E20234A4A7100C074ED /* AuthViewController.storyboard in Resources */ = {isa = PBXBuildFile; fileRef = FAC48E1F234A4A7100C074ED /* AuthViewController.storyboard */; };
		FAC48E24234A77E800C074ED /* AppDelegate.swift in Sources */ = {isa = PBXBuildFile; fileRef = FAC48E23234A77E800C074ED /* AppDelegate.swift */; };
		FAC48E26234BBC9400C074ED /* FeedViewController.swift in Sources */ = {isa = PBXBuildFile; fileRef = FAC48E25234BBC9400C074ED /* FeedViewController.swift */; };
		FAC48E28234BBCAB00C074ED /* FeedViewController.storyboard in Resources */ = {isa = PBXBuildFile; fileRef = FAC48E27234BBCAB00C074ED /* FeedViewController.storyboard */; };
		FAC48E2A234BC3C700C074ED /* UIViewController+Storyboard.swift in Sources */ = {isa = PBXBuildFile; fileRef = FAC48E29234BC3C700C074ED /* UIViewController+Storyboard.swift */; };
/* End PBXBuildFile section */

/* Begin PBXCopyFilesBuildPhase section */
		FAC48E18234A433700C074ED /* Embed Frameworks */ = {
			isa = PBXCopyFilesBuildPhase;
			buildActionMask = 2147483647;
			dstPath = "";
			dstSubfolderSpec = 10;
			files = (
				FAC48E17234A433700C074ED /* VKSdkFramework.framework in Embed Frameworks */,
			);
			name = "Embed Frameworks";
			runOnlyForDeploymentPostprocessing = 0;
		};
/* End PBXCopyFilesBuildPhase section */

/* Begin PBXFileReference section */
		FA0576EB233F9B0900781C7B /* VKNewsFeed.app */ = {isa = PBXFileReference; explicitFileType = wrapper.application; includeInIndex = 0; path = VKNewsFeed.app; sourceTree = BUILT_PRODUCTS_DIR; };
		FA0576F7233F9B0A00781C7B /* Assets.xcassets */ = {isa = PBXFileReference; lastKnownFileType = folder.assetcatalog; path = Assets.xcassets; sourceTree = "<group>"; };
		FA0576FA233F9B0A00781C7B /* Base */ = {isa = PBXFileReference; lastKnownFileType = file.storyboard; name = Base; path = Base.lproj/LaunchScreen.storyboard; sourceTree = "<group>"; };
		FAC48E15234A433700C074ED /* VKSdkFramework.framework */ = {isa = PBXFileReference; lastKnownFileType = wrapper.framework; name = VKSdkFramework.framework; path = Carthage/Build/iOS/VKSdkFramework.framework; sourceTree = "<group>"; };
		FAC48E1A234A44F200C074ED /* AuthService.swift */ = {isa = PBXFileReference; lastKnownFileType = sourcecode.swift; path = AuthService.swift; sourceTree = "<group>"; };
		FAC48E1D234A4A6700C074ED /* AuthViewController.swift */ = {isa = PBXFileReference; lastKnownFileType = sourcecode.swift; path = AuthViewController.swift; sourceTree = "<group>"; };
		FAC48E1F234A4A7100C074ED /* AuthViewController.storyboard */ = {isa = PBXFileReference; lastKnownFileType = file.storyboard; path = AuthViewController.storyboard; sourceTree = "<group>"; };
		FAC48E22234A775400C074ED /* Info.plist */ = {isa = PBXFileReference; lastKnownFileType = text.plist.xml; path = Info.plist; sourceTree = "<group>"; };
		FAC48E23234A77E800C074ED /* AppDelegate.swift */ = {isa = PBXFileReference; lastKnownFileType = sourcecode.swift; path = AppDelegate.swift; sourceTree = "<group>"; };
		FAC48E25234BBC9400C074ED /* FeedViewController.swift */ = {isa = PBXFileReference; lastKnownFileType = sourcecode.swift; path = FeedViewController.swift; sourceTree = "<group>"; };
		FAC48E27234BBCAB00C074ED /* FeedViewController.storyboard */ = {isa = PBXFileReference; lastKnownFileType = file.storyboard; path = FeedViewController.storyboard; sourceTree = "<group>"; };
		FAC48E29234BC3C700C074ED /* UIViewController+Storyboard.swift */ = {isa = PBXFileReference; lastKnownFileType = sourcecode.swift; path = "UIViewController+Storyboard.swift"; sourceTree = "<group>"; };
/* End PBXFileReference section */

/* Begin PBXFrameworksBuildPhase section */
		FA0576E8233F9B0900781C7B /* Frameworks */ = {
			isa = PBXFrameworksBuildPhase;
			buildActionMask = 2147483647;
			files = (
				FAC48E16234A433700C074ED /* VKSdkFramework.framework in Frameworks */,
			);
			runOnlyForDeploymentPostprocessing = 0;
		};
/* End PBXFrameworksBuildPhase section */

/* Begin PBXGroup section */
		FA0576E2233F9B0900781C7B = {
			isa = PBXGroup;
			children = (
				FA0576ED233F9B0900781C7B /* VKNewsFeed */,
				FA0576EC233F9B0900781C7B /* Products */,
				FAC48E14234A433700C074ED /* Frameworks */,
			);
			sourceTree = "<group>";
		};
		FA0576EC233F9B0900781C7B /* Products */ = {
			isa = PBXGroup;
			children = (
				FA0576EB233F9B0900781C7B /* VKNewsFeed.app */,
			);
			name = Products;
			sourceTree = "<group>";
		};
		FA0576ED233F9B0900781C7B /* VKNewsFeed */ = {
			isa = PBXGroup;
			children = (
				FAC48E2B234BC40900C074ED /* Helpers */,
				FAC48E21234A4A8A00C074ED /* Auth */,
				FAC48E1C234A450000C074ED /* Services */,
				FA0576F7233F9B0A00781C7B /* Assets.xcassets */,
				FAC48E23234A77E800C074ED /* AppDelegate.swift */,
				FAC48E22234A775400C074ED /* Info.plist */,
				FA0576F9233F9B0A00781C7B /* LaunchScreen.storyboard */,
			);
			path = VKNewsFeed;
			sourceTree = "<group>";
		};
		FAC48E14234A433700C074ED /* Frameworks */ = {
			isa = PBXGroup;
			children = (
				FAC48E15234A433700C074ED /* VKSdkFramework.framework */,
			);
			name = Frameworks;
			sourceTree = "<group>";
		};
		FAC48E1C234A450000C074ED /* Services */ = {
			isa = PBXGroup;
			children = (
				FAC48E25234BBC9400C074ED /* FeedViewController.swift */,
				FAC48E27234BBCAB00C074ED /* FeedViewController.storyboard */,
				FAC48E1A234A44F200C074ED /* AuthService.swift */,
			);
			path = Services;
			sourceTree = "<group>";
		};
		FAC48E21234A4A8A00C074ED /* Auth */ = {
			isa = PBXGroup;
			children = (
				FAC48E1D234A4A6700C074ED /* AuthViewController.swift */,
				FAC48E1F234A4A7100C074ED /* AuthViewController.storyboard */,
			);
			path = Auth;
			sourceTree = "<group>";
		};
		FAC48E2B234BC40900C074ED /* Helpers */ = {
			isa = PBXGroup;
			children = (
				FAC48E29234BC3C700C074ED /* UIViewController+Storyboard.swift */,
			);
			path = Helpers;
			sourceTree = "<group>";
		};
/* End PBXGroup section */

/* Begin PBXNativeTarget section */
		FA0576EA233F9B0900781C7B /* VKNewsFeed */ = {
			isa = PBXNativeTarget;
			buildConfigurationList = FA0576FF233F9B0A00781C7B /* Build configuration list for PBXNativeTarget "VKNewsFeed" */;
			buildPhases = (
				FA0576E7233F9B0900781C7B /* Sources */,
				FA0576E8233F9B0900781C7B /* Frameworks */,
				FA0576E9233F9B0900781C7B /* Resources */,
				FAC48E18234A433700C074ED /* Embed Frameworks */,
				FAC48E19234A434C00C074ED /* ShellScript */,
			);
			buildRules = (
			);
			dependencies = (
			);
			name = VKNewsFeed;
			productName = VKNewsFeed;
			productReference = FA0576EB233F9B0900781C7B /* VKNewsFeed.app */;
			productType = "com.apple.product-type.application";
		};
/* End PBXNativeTarget section */

/* Begin PBXProject section */
		FA0576E3233F9B0900781C7B /* Project object */ = {
			isa = PBXProject;
			attributes = {
				LastSwiftUpdateCheck = 1100;
				LastUpgradeCheck = 1100;
				ORGANIZATIONNAME = "Big Nerd Ranch";
				TargetAttributes = {
					FA0576EA233F9B0900781C7B = {
						CreatedOnToolsVersion = 11.0;
					};
				};
			};
			buildConfigurationList = FA0576E6233F9B0900781C7B /* Build configuration list for PBXProject "VKNewsFeed" */;
			compatibilityVersion = "Xcode 9.3";
			developmentRegion = en;
			hasScannedForEncodings = 0;
			knownRegions = (
				en,
				Base,
			);
			mainGroup = FA0576E2233F9B0900781C7B;
			productRefGroup = FA0576EC233F9B0900781C7B /* Products */;
			projectDirPath = "";
			projectRoot = "";
			targets = (
				FA0576EA233F9B0900781C7B /* VKNewsFeed */,
			);
		};
/* End PBXProject section */

/* Begin PBXResourcesBuildPhase section */
		FA0576E9233F9B0900781C7B /* Resources */ = {
			isa = PBXResourcesBuildPhase;
			buildActionMask = 2147483647;
			files = (
				FAC48E20234A4A7100C074ED /* AuthViewController.storyboard in Resources */,
				FA0576FB233F9B0A00781C7B /* LaunchScreen.storyboard in Resources */,
				FAC48E28234BBCAB00C074ED /* FeedViewController.storyboard in Resources */,
				FA0576F8233F9B0A00781C7B /* Assets.xcassets in Resources */,
			);
			runOnlyForDeploymentPostprocessing = 0;
		};
/* End PBXResourcesBuildPhase section */

/* Begin PBXShellScriptBuildPhase section */
		FAC48E19234A434C00C074ED /* ShellScript */ = {
			isa = PBXShellScriptBuildPhase;
			buildActionMask = 2147483647;
			files = (
			);
			inputFileListPaths = (
			);
			inputPaths = (
				"$(SRCROOT)/Carthage/Build/iOS/VKSdkFramework.framework",
			);
			outputFileListPaths = (
			);
			outputPaths = (
			);
			runOnlyForDeploymentPostprocessing = 0;
			shellPath = /bin/sh;
			shellScript = "/usr/local/bin/carthage copy-frameworks\n";
		};
/* End PBXShellScriptBuildPhase section */

/* Begin PBXSourcesBuildPhase section */
		FA0576E7233F9B0900781C7B /* Sources */ = {
			isa = PBXSourcesBuildPhase;
			buildActionMask = 2147483647;
			files = (
				FAC48E24234A77E800C074ED /* AppDelegate.swift in Sources */,
				FAC48E1E234A4A6700C074ED /* AuthViewController.swift in Sources */,
				FAC48E26234BBC9400C074ED /* FeedViewController.swift in Sources */,
				FAC48E2A234BC3C700C074ED /* UIViewController+Storyboard.swift in Sources */,
				FAC48E1B234A44F200C074ED /* AuthService.swift in Sources */,
			);
			runOnlyForDeploymentPostprocessing = 0;
		};
/* End PBXSourcesBuildPhase section */

/* Begin PBXVariantGroup section */
		FA0576F9233F9B0A00781C7B /* LaunchScreen.storyboard */ = {
			isa = PBXVariantGroup;
			children = (
				FA0576FA233F9B0A00781C7B /* Base */,
			);
			name = LaunchScreen.storyboard;
			sourceTree = "<group>";
		};
/* End PBXVariantGroup section */

/* Begin XCBuildConfiguration section */
		FA0576FD233F9B0A00781C7B /* Debug */ = {
			isa = XCBuildConfiguration;
			buildSettings = {
				ALWAYS_SEARCH_USER_PATHS = NO;
				CLANG_ANALYZER_NONNULL = YES;
				CLANG_ANALYZER_NUMBER_OBJECT_CONVERSION = YES_AGGRESSIVE;
				CLANG_CXX_LANGUAGE_STANDARD = "gnu++14";
				CLANG_CXX_LIBRARY = "libc++";
				CLANG_ENABLE_MODULES = YES;
				CLANG_ENABLE_OBJC_ARC = YES;
				CLANG_ENABLE_OBJC_WEAK = YES;
				CLANG_WARN_BLOCK_CAPTURE_AUTORELEASING = YES;
				CLANG_WARN_BOOL_CONVERSION = YES;
				CLANG_WARN_COMMA = YES;
				CLANG_WARN_CONSTANT_CONVERSION = YES;
				CLANG_WARN_DEPRECATED_OBJC_IMPLEMENTATIONS = YES;
				CLANG_WARN_DIRECT_OBJC_ISA_USAGE = YES_ERROR;
				CLANG_WARN_DOCUMENTATION_COMMENTS = YES;
				CLANG_WARN_EMPTY_BODY = YES;
				CLANG_WARN_ENUM_CONVERSION = YES;
				CLANG_WARN_INFINITE_RECURSION = YES;
				CLANG_WARN_INT_CONVERSION = YES;
				CLANG_WARN_NON_LITERAL_NULL_CONVERSION = YES;
				CLANG_WARN_OBJC_IMPLICIT_RETAIN_SELF = YES;
				CLANG_WARN_OBJC_LITERAL_CONVERSION = YES;
				CLANG_WARN_OBJC_ROOT_CLASS = YES_ERROR;
				CLANG_WARN_RANGE_LOOP_ANALYSIS = YES;
				CLANG_WARN_STRICT_PROTOTYPES = YES;
				CLANG_WARN_SUSPICIOUS_MOVE = YES;
				CLANG_WARN_UNGUARDED_AVAILABILITY = YES_AGGRESSIVE;
				CLANG_WARN_UNREACHABLE_CODE = YES;
				CLANG_WARN__DUPLICATE_METHOD_MATCH = YES;
				COPY_PHASE_STRIP = NO;
				DEBUG_INFORMATION_FORMAT = dwarf;
				ENABLE_STRICT_OBJC_MSGSEND = YES;
				ENABLE_TESTABILITY = YES;
				GCC_C_LANGUAGE_STANDARD = gnu11;
				GCC_DYNAMIC_NO_PIC = NO;
				GCC_NO_COMMON_BLOCKS = YES;
				GCC_OPTIMIZATION_LEVEL = 0;
				GCC_PREPROCESSOR_DEFINITIONS = (
					"DEBUG=1",
					"$(inherited)",
				);
				GCC_WARN_64_TO_32_BIT_CONVERSION = YES;
				GCC_WARN_ABOUT_RETURN_TYPE = YES_ERROR;
				GCC_WARN_UNDECLARED_SELECTOR = YES;
				GCC_WARN_UNINITIALIZED_AUTOS = YES_AGGRESSIVE;
				GCC_WARN_UNUSED_FUNCTION = YES;
				GCC_WARN_UNUSED_VARIABLE = YES;
				IPHONEOS_DEPLOYMENT_TARGET = 13.0;
				MTL_ENABLE_DEBUG_INFO = INCLUDE_SOURCE;
				MTL_FAST_MATH = YES;
				ONLY_ACTIVE_ARCH = YES;
				SDKROOT = iphoneos;
				SWIFT_ACTIVE_COMPILATION_CONDITIONS = DEBUG;
				SWIFT_OPTIMIZATION_LEVEL = "-Onone";
			};
			name = Debug;
		};
		FA0576FE233F9B0A00781C7B /* Release */ = {
			isa = XCBuildConfiguration;
			buildSettings = {
				ALWAYS_SEARCH_USER_PATHS = NO;
				CLANG_ANALYZER_NONNULL = YES;
				CLANG_ANALYZER_NUMBER_OBJECT_CONVERSION = YES_AGGRESSIVE;
				CLANG_CXX_LANGUAGE_STANDARD = "gnu++14";
				CLANG_CXX_LIBRARY = "libc++";
				CLANG_ENABLE_MODULES = YES;
				CLANG_ENABLE_OBJC_ARC = YES;
				CLANG_ENABLE_OBJC_WEAK = YES;
				CLANG_WARN_BLOCK_CAPTURE_AUTORELEASING = YES;
				CLANG_WARN_BOOL_CONVERSION = YES;
				CLANG_WARN_COMMA = YES;
				CLANG_WARN_CONSTANT_CONVERSION = YES;
				CLANG_WARN_DEPRECATED_OBJC_IMPLEMENTATIONS = YES;
				CLANG_WARN_DIRECT_OBJC_ISA_USAGE = YES_ERROR;
				CLANG_WARN_DOCUMENTATION_COMMENTS = YES;
				CLANG_WARN_EMPTY_BODY = YES;
				CLANG_WARN_ENUM_CONVERSION = YES;
				CLANG_WARN_INFINITE_RECURSION = YES;
				CLANG_WARN_INT_CONVERSION = YES;
				CLANG_WARN_NON_LITERAL_NULL_CONVERSION = YES;
				CLANG_WARN_OBJC_IMPLICIT_RETAIN_SELF = YES;
				CLANG_WARN_OBJC_LITERAL_CONVERSION = YES;
				CLANG_WARN_OBJC_ROOT_CLASS = YES_ERROR;
				CLANG_WARN_RANGE_LOOP_ANALYSIS = YES;
				CLANG_WARN_STRICT_PROTOTYPES = YES;
				CLANG_WARN_SUSPICIOUS_MOVE = YES;
				CLANG_WARN_UNGUARDED_AVAILABILITY = YES_AGGRESSIVE;
				CLANG_WARN_UNREACHABLE_CODE = YES;
				CLANG_WARN__DUPLICATE_METHOD_MATCH = YES;
				COPY_PHASE_STRIP = NO;
				DEBUG_INFORMATION_FORMAT = "dwarf-with-dsym";
				ENABLE_NS_ASSERTIONS = NO;
				ENABLE_STRICT_OBJC_MSGSEND = YES;
				GCC_C_LANGUAGE_STANDARD = gnu11;
				GCC_NO_COMMON_BLOCKS = YES;
				GCC_WARN_64_TO_32_BIT_CONVERSION = YES;
				GCC_WARN_ABOUT_RETURN_TYPE = YES_ERROR;
				GCC_WARN_UNDECLARED_SELECTOR = YES;
				GCC_WARN_UNINITIALIZED_AUTOS = YES_AGGRESSIVE;
				GCC_WARN_UNUSED_FUNCTION = YES;
				GCC_WARN_UNUSED_VARIABLE = YES;
				IPHONEOS_DEPLOYMENT_TARGET = 13.0;
				MTL_ENABLE_DEBUG_INFO = NO;
				MTL_FAST_MATH = YES;
				SDKROOT = iphoneos;
				SWIFT_COMPILATION_MODE = wholemodule;
				SWIFT_OPTIMIZATION_LEVEL = "-O";
				VALIDATE_PRODUCT = YES;
			};
			name = Release;
		};
		FA057700233F9B0A00781C7B /* Debug */ = {
			isa = XCBuildConfiguration;
			buildSettings = {
				ASSETCATALOG_COMPILER_APPICON_NAME = AppIcon;
				CODE_SIGN_STYLE = Automatic;
				DEVELOPMENT_TEAM = AGN42K77RS;
				FRAMEWORK_SEARCH_PATHS = (
					"$(inherited)",
					"$(PROJECT_DIR)/Carthage/Build/iOS",
				);
				INFOPLIST_FILE = VKNewsFeed/Info.plist;
				LD_RUNPATH_SEARCH_PATHS = (
					"$(inherited)",
					"@executable_path/Frameworks",
				);
				PRODUCT_BUNDLE_IDENTIFIER = com.bignerdranch.VKNewsFeed;
				PRODUCT_NAME = "$(TARGET_NAME)";
				SWIFT_VERSION = 5.0;
				TARGETED_DEVICE_FAMILY = "1,2";
			};
			name = Debug;
		};
		FA057701233F9B0A00781C7B /* Release */ = {
			isa = XCBuildConfiguration;
			buildSettings = {
				ASSETCATALOG_COMPILER_APPICON_NAME = AppIcon;
				CODE_SIGN_STYLE = Automatic;
				DEVELOPMENT_TEAM = AGN42K77RS;
				FRAMEWORK_SEARCH_PATHS = (
					"$(inherited)",
					"$(PROJECT_DIR)/Carthage/Build/iOS",
				);
				INFOPLIST_FILE = VKNewsFeed/Info.plist;
				LD_RUNPATH_SEARCH_PATHS = (
					"$(inherited)",
					"@executable_path/Frameworks",
				);
				PRODUCT_BUNDLE_IDENTIFIER = com.bignerdranch.VKNewsFeed;
				PRODUCT_NAME = "$(TARGET_NAME)";
				SWIFT_VERSION = 5.0;
				TARGETED_DEVICE_FAMILY = "1,2";
			};
			name = Release;
		};
/* End XCBuildConfiguration section */

/* Begin XCConfigurationList section */
		FA0576E6233F9B0900781C7B /* Build configuration list for PBXProject "VKNewsFeed" */ = {
			isa = XCConfigurationList;
			buildConfigurations = (
				FA0576FD233F9B0A00781C7B /* Debug */,
				FA0576FE233F9B0A00781C7B /* Release */,
			);
			defaultConfigurationIsVisible = 0;
			defaultConfigurationName = Release;
		};
		FA0576FF233F9B0A00781C7B /* Build configuration list for PBXNativeTarget "VKNewsFeed" */ = {
			isa = XCConfigurationList;
			buildConfigurations = (
				FA057700233F9B0A00781C7B /* Debug */,
				FA057701233F9B0A00781C7B /* Release */,
			);
			defaultConfigurationIsVisible = 0;
			defaultConfigurationName = Release;
		};
/* End XCConfigurationList section */
	};
	rootObject = FA0576E3233F9B0900781C7B /* Project object */;
}
